
Microsoft Visual Studio Solution File, Format Version 12.00
# Visual Studio Version 16
VisualStudioVersion = 16.0.31515.178
MinimumVisualStudioVersion = 10.0.40219.1
Project("{FAE04EC0-301F-11D3-BF4B-00C04F79EFBC}") = "BOOT_UPDATE", "BOOT_UPDATE\BOOT_UPDATE.csproj", "{EF7CABE3-5A09-41E4-AA3A-AC4970914A3C}"
EndProject
Global
	GlobalSection(SolutionConfigurationPlatforms) = preSolution
		Debug|Any CPU = Debug|Any CPU
		Release|Any CPU = Release|Any CPU
	EndGlobalSection
	GlobalSection(ProjectConfigurationPlatforms) = postSolution
		{EF7CABE3-5A09-41E4-AA3A-AC4970914A3C}.Debug|Any CPU.ActiveCfg = Debug|Any CPU
		{EF7CABE3-5A09-41E4-AA3A-AC4970914A3C}.Debug|Any CPU.Build.0 = Debug|Any CPU
		{EF7CABE3-5A09-41E4-AA3A-AC4970914A3C}.Release|Any CPU.ActiveCfg = Release|Any CPU
		{EF7CABE3-5A09-41E4-AA3A-AC4970914A3C}.Release|Any CPU.Build.0 = Release|Any CPU
	EndGlobalSection
	GlobalSection(SolutionProperties) = preSolution
		HideSolutionNode = FALSE
	EndGlobalSection
	GlobalSection(ExtensibilityGlobals) = postSolution
		SolutionGuid = {2C9710A8-6B19-4E2C-90C1-F938519C351A}
	EndGlobalSection
EndGlobal
